// !$*UTF8*$!
{
	archiveVersion = 1;
	classes = {
	};
	objectVersion = 46;
	objects = {

/* Begin PBXBuildFile section */
		4D4F9EA1A12827A6F240483F /* Pods_SnapLogin.framework in Frameworks */ = {isa = PBXBuildFile; fileRef = 024BC12E8784D0335899D17F /* Pods_SnapLogin.framework */; };
		7B0256CE1CC48907001FE1D7 /* Animator.swift in Sources */ = {isa = PBXBuildFile; fileRef = 7B0256CD1CC48907001FE1D7 /* Animator.swift */; };
		7B3640CB1CC3F5B600FAA777 /* MavenProLight-300.otf in Resources */ = {isa = PBXBuildFile; fileRef = 7B3640CA1CC3F55B00FAA777 /* MavenProLight-300.otf */; };
		7B3640CC1CC3F5B600FAA777 /* OpenSans-Light.ttf in Resources */ = {isa = PBXBuildFile; fileRef = 7B3640C71CC3F52B00FAA777 /* OpenSans-Light.ttf */; };
		7B3640CD1CC3F5B600FAA777 /* MavenPro-Regular.ttf in Resources */ = {isa = PBXBuildFile; fileRef = 7B3640C91CC3F54900FAA777 /* MavenPro-Regular.ttf */; };
		7B3640CE1CC3F5B600FAA777 /* OpenSans-Regular.ttf in Resources */ = {isa = PBXBuildFile; fileRef = 7B3640C81CC3F52B00FAA777 /* OpenSans-Regular.ttf */; };
		7B3640D11CC42DB600FAA777 /* SignUpViewController.swift in Sources */ = {isa = PBXBuildFile; fileRef = 7B3640CF1CC42DB600FAA777 /* SignUpViewController.swift */; };
		7B3640D21CC42DB600FAA777 /* SignUpViewController.xib in Resources */ = {isa = PBXBuildFile; fileRef = 7B3640D01CC42DB600FAA777 /* SignUpViewController.xib */; };
		7B9FCB7D1CC0A51600C01505 /* LoginViewController.swift in Sources */ = {isa = PBXBuildFile; fileRef = 7B9FCB7B1CC0A51600C01505 /* LoginViewController.swift */; };
		7B9FCB7E1CC0A51600C01505 /* LoginViewController.xib in Resources */ = {isa = PBXBuildFile; fileRef = 7B9FCB7C1CC0A51600C01505 /* LoginViewController.xib */; };
		7BF33AFA1CC09DC70028182E /* AppDelegate.swift in Sources */ = {isa = PBXBuildFile; fileRef = 7BF33AF91CC09DC70028182E /* AppDelegate.swift */; };
		7BF33AFC1CC09DC70028182E /* ContainerViewController.swift in Sources */ = {isa = PBXBuildFile; fileRef = 7BF33AFB1CC09DC70028182E /* ContainerViewController.swift */; };
		7BF33AFF1CC09DC70028182E /* Main.storyboard in Resources */ = {isa = PBXBuildFile; fileRef = 7BF33AFD1CC09DC70028182E /* Main.storyboard */; };
		7BF33B011CC09DC70028182E /* Assets.xcassets in Resources */ = {isa = PBXBuildFile; fileRef = 7BF33B001CC09DC70028182E /* Assets.xcassets */; };
		7BF33B041CC09DC70028182E /* LaunchScreen.storyboard in Resources */ = {isa = PBXBuildFile; fileRef = 7BF33B021CC09DC70028182E /* LaunchScreen.storyboard */; };
/* End PBXBuildFile section */

/* Begin PBXFileReference section */
		024BC12E8784D0335899D17F /* Pods_SnapLogin.framework */ = {isa = PBXFileReference; explicitFileType = wrapper.framework; includeInIndex = 0; path = Pods_SnapLogin.framework; sourceTree = BUILT_PRODUCTS_DIR; };
		6EF703377A9C6F1C4AD1237A /* Pods-SnapLogin.release.xcconfig */ = {isa = PBXFileReference; includeInIndex = 1; lastKnownFileType = text.xcconfig; name = "Pods-SnapLogin.release.xcconfig"; path = "Pods/Target Support Files/Pods-SnapLogin/Pods-SnapLogin.release.xcconfig"; sourceTree = "<group>"; };
		7B0256CD1CC48907001FE1D7 /* Animator.swift */ = {isa = PBXFileReference; fileEncoding = 4; lastKnownFileType = sourcecode.swift; path = Animator.swift; sourceTree = "<group>"; };
		7B3640C71CC3F52B00FAA777 /* OpenSans-Light.ttf */ = {isa = PBXFileReference; lastKnownFileType = file; path = "OpenSans-Light.ttf"; sourceTree = "<group>"; };
		7B3640C81CC3F52B00FAA777 /* OpenSans-Regular.ttf */ = {isa = PBXFileReference; lastKnownFileType = file; path = "OpenSans-Regular.ttf"; sourceTree = "<group>"; };
		7B3640C91CC3F54900FAA777 /* MavenPro-Regular.ttf */ = {isa = PBXFileReference; lastKnownFileType = file; path = "MavenPro-Regular.ttf"; sourceTree = "<group>"; };
		7B3640CA1CC3F55B00FAA777 /* MavenProLight-300.otf */ = {isa = PBXFileReference; lastKnownFileType = file; path = "MavenProLight-300.otf"; sourceTree = "<group>"; };
		7B3640CF1CC42DB600FAA777 /* SignUpViewController.swift */ = {isa = PBXFileReference; fileEncoding = 4; lastKnownFileType = sourcecode.swift; path = SignUpViewController.swift; sourceTree = "<group>"; };
		7B3640D01CC42DB600FAA777 /* SignUpViewController.xib */ = {isa = PBXFileReference; fileEncoding = 4; lastKnownFileType = file.xib; path = SignUpViewController.xib; sourceTree = "<group>"; };
		7B9FCB7B1CC0A51600C01505 /* LoginViewController.swift */ = {isa = PBXFileReference; fileEncoding = 4; lastKnownFileType = sourcecode.swift; path = LoginViewController.swift; sourceTree = "<group>"; };
		7B9FCB7C1CC0A51600C01505 /* LoginViewController.xib */ = {isa = PBXFileReference; fileEncoding = 4; lastKnownFileType = file.xib; path = LoginViewController.xib; sourceTree = "<group>"; };
		7BF33AF61CC09DC60028182E /* SnapLogin.app */ = {isa = PBXFileReference; explicitFileType = wrapper.application; includeInIndex = 0; path = SnapLogin.app; sourceTree = BUILT_PRODUCTS_DIR; };
		7BF33AF91CC09DC70028182E /* AppDelegate.swift */ = {isa = PBXFileReference; lastKnownFileType = sourcecode.swift; path = AppDelegate.swift; sourceTree = "<group>"; };
		7BF33AFB1CC09DC70028182E /* ContainerViewController.swift */ = {isa = PBXFileReference; lastKnownFileType = sourcecode.swift; path = ContainerViewController.swift; sourceTree = "<group>"; };
		7BF33AFE1CC09DC70028182E /* Base */ = {isa = PBXFileReference; lastKnownFileType = file.storyboard; name = Base; path = Base.lproj/Main.storyboard; sourceTree = "<group>"; };
		7BF33B001CC09DC70028182E /* Assets.xcassets */ = {isa = PBXFileReference; lastKnownFileType = folder.assetcatalog; path = Assets.xcassets; sourceTree = "<group>"; };
		7BF33B031CC09DC70028182E /* Base */ = {isa = PBXFileReference; lastKnownFileType = file.storyboard; name = Base; path = Base.lproj/LaunchScreen.storyboard; sourceTree = "<group>"; };
		7BF33B051CC09DC70028182E /* Info.plist */ = {isa = PBXFileReference; lastKnownFileType = text.plist.xml; path = Info.plist; sourceTree = "<group>"; };
		CDF9F7FDB6A51ED670F9719D /* Pods-SnapLogin.debug.xcconfig */ = {isa = PBXFileReference; includeInIndex = 1; lastKnownFileType = text.xcconfig; name = "Pods-SnapLogin.debug.xcconfig"; path = "Pods/Target Support Files/Pods-SnapLogin/Pods-SnapLogin.debug.xcconfig"; sourceTree = "<group>"; };
/* End PBXFileReference section */

/* Begin PBXFrameworksBuildPhase section */
		7BF33AF31CC09DC60028182E /* Frameworks */ = {
			isa = PBXFrameworksBuildPhase;
			buildActionMask = 2147483647;
			files = (
				4D4F9EA1A12827A6F240483F /* Pods_SnapLogin.framework in Frameworks */,
			);
			runOnlyForDeploymentPostprocessing = 0;
		};
/* End PBXFrameworksBuildPhase section */

/* Begin PBXGroup section */
		2BC548FAB4D1F32F9E293A98 /* Pods */ = {
			isa = PBXGroup;
			children = (
				CDF9F7FDB6A51ED670F9719D /* Pods-SnapLogin.debug.xcconfig */,
				6EF703377A9C6F1C4AD1237A /* Pods-SnapLogin.release.xcconfig */,
			);
			name = Pods;
			sourceTree = "<group>";
		};
		64DA44939A44E46CD0B9E983 /* Frameworks */ = {
			isa = PBXGroup;
			children = (
				024BC12E8784D0335899D17F /* Pods_SnapLogin.framework */,
			);
			name = Frameworks;
			sourceTree = "<group>";
		};
		7B0256CC1CC45EA6001FE1D7 /* Custom Fonts */ = {
			isa = PBXGroup;
			children = (
				7B3640CA1CC3F55B00FAA777 /* MavenProLight-300.otf */,
				7B3640C71CC3F52B00FAA777 /* OpenSans-Light.ttf */,
				7B3640C91CC3F54900FAA777 /* MavenPro-Regular.ttf */,
				7B3640C81CC3F52B00FAA777 /* OpenSans-Regular.ttf */,
			);
			name = "Custom Fonts";
			sourceTree = "<group>";
		};
		7B3640D31CC42DC100FAA777 /* SignUpViewController */ = {
			isa = PBXGroup;
			children = (
				7B3640CF1CC42DB600FAA777 /* SignUpViewController.swift */,
				7B3640D01CC42DB600FAA777 /* SignUpViewController.xib */,
			);
			name = SignUpViewController;
			sourceTree = "<group>";
		};
		7B9FCB7A1CC0A41500C01505 /* Supporting FIles */ = {
			isa = PBXGroup;
			children = (
				7B0256CD1CC48907001FE1D7 /* Animator.swift */,
				7BF33B001CC09DC70028182E /* Assets.xcassets */,
				7BF33B021CC09DC70028182E /* LaunchScreen.storyboard */,
				7BF33B051CC09DC70028182E /* Info.plist */,
				7B0256CC1CC45EA6001FE1D7 /* Custom Fonts */,
			);
			name = "Supporting FIles";
			sourceTree = "<group>";
		};
		7B9FCB7F1CC0A51C00C01505 /* LoginViewController */ = {
			isa = PBXGroup;
			children = (
				7B9FCB7B1CC0A51600C01505 /* LoginViewController.swift */,
				7B9FCB7C1CC0A51600C01505 /* LoginViewController.xib */,
			);
			name = LoginViewController;
			sourceTree = "<group>";
		};
		7BF33AED1CC09DC60028182E = {
			isa = PBXGroup;
			children = (
				7BF33AF81CC09DC70028182E /* SnapLogin */,
				7BF33AF71CC09DC60028182E /* Products */,
				2BC548FAB4D1F32F9E293A98 /* Pods */,
				64DA44939A44E46CD0B9E983 /* Frameworks */,
			);
			sourceTree = "<group>";
		};
		7BF33AF71CC09DC60028182E /* Products */ = {
			isa = PBXGroup;
			children = (
				7BF33AF61CC09DC60028182E /* SnapLogin.app */,
			);
			name = Products;
			sourceTree = "<group>";
		};
		7BF33AF81CC09DC70028182E /* SnapLogin */ = {
			isa = PBXGroup;
			children = (
				7BF33AF91CC09DC70028182E /* AppDelegate.swift */,
				7BF33AFB1CC09DC70028182E /* ContainerViewController.swift */,
				7BF33AFD1CC09DC70028182E /* Main.storyboard */,
				7B9FCB7F1CC0A51C00C01505 /* LoginViewController */,
				7B3640D31CC42DC100FAA777 /* SignUpViewController */,
				7B9FCB7A1CC0A41500C01505 /* Supporting FIles */,
			);
			path = SnapLogin;
			sourceTree = "<group>";
		};
/* End PBXGroup section */

/* Begin PBXNativeTarget section */
		7BF33AF51CC09DC60028182E /* SnapLogin */ = {
			isa = PBXNativeTarget;
			buildConfigurationList = 7BF33B081CC09DC70028182E /* Build configuration list for PBXNativeTarget "SnapLogin" */;
			buildPhases = (
				521E4BE10670266E975180A8 /* Check Pods Manifest.lock */,
				7BF33AF21CC09DC60028182E /* Sources */,
				7BF33AF31CC09DC60028182E /* Frameworks */,
				7BF33AF41CC09DC60028182E /* Resources */,
				CA81C39DCC97FBC4B1AFE631 /* Embed Pods Frameworks */,
				08DE30173A0A383711873CAC /* Copy Pods Resources */,
			);
			buildRules = (
			);
			dependencies = (
			);
			name = SnapLogin;
			productName = SnapLogin;
			productReference = 7BF33AF61CC09DC60028182E /* SnapLogin.app */;
			productType = "com.apple.product-type.application";
		};
/* End PBXNativeTarget section */

/* Begin PBXProject section */
		7BF33AEE1CC09DC60028182E /* Project object */ = {
			isa = PBXProject;
			attributes = {
				LastSwiftUpdateCheck = 0730;
				LastUpgradeCheck = 0730;
				ORGANIZATIONNAME = "Justin Hall";
				TargetAttributes = {
					7BF33AF51CC09DC60028182E = {
						CreatedOnToolsVersion = 7.3;
						DevelopmentTeam = PBVUXBPDEA;
					};
				};
			};
			buildConfigurationList = 7BF33AF11CC09DC60028182E /* Build configuration list for PBXProject "SnapLogin" */;
			compatibilityVersion = "Xcode 3.2";
			developmentRegion = English;
			hasScannedForEncodings = 0;
			knownRegions = (
				en,
				Base,
			);
			mainGroup = 7BF33AED1CC09DC60028182E;
			productRefGroup = 7BF33AF71CC09DC60028182E /* Products */;
			projectDirPath = "";
			projectRoot = "";
			targets = (
				7BF33AF51CC09DC60028182E /* SnapLogin */,
			);
		};
/* End PBXProject section */

/* Begin PBXResourcesBuildPhase section */
		7BF33AF41CC09DC60028182E /* Resources */ = {
			isa = PBXResourcesBuildPhase;
			buildActionMask = 2147483647;
			files = (
				7B3640CD1CC3F5B600FAA777 /* MavenPro-Regular.ttf in Resources */,
				7B3640CC1CC3F5B600FAA777 /* OpenSans-Light.ttf in Resources */,
				7B3640CB1CC3F5B600FAA777 /* MavenProLight-300.otf in Resources */,
				7B9FCB7E1CC0A51600C01505 /* LoginViewController.xib in Resources */,
				7B3640D21CC42DB600FAA777 /* SignUpViewController.xib in Resources */,
				7BF33B041CC09DC70028182E /* LaunchScreen.storyboard in Resources */,
				7BF33B011CC09DC70028182E /* Assets.xcassets in Resources */,
				7B3640CE1CC3F5B600FAA777 /* OpenSans-Regular.ttf in Resources */,
				7BF33AFF1CC09DC70028182E /* Main.storyboard in Resources */,
			);
			runOnlyForDeploymentPostprocessing = 0;
		};
/* End PBXResourcesBuildPhase section */

/* Begin PBXShellScriptBuildPhase section */
		08DE30173A0A383711873CAC /* Copy Pods Resources */ = {
			isa = PBXShellScriptBuildPhase;
			buildActionMask = 2147483647;
			files = (
			);
			inputPaths = (
			);
			name = "Copy Pods Resources";
			outputPaths = (
			);
			runOnlyForDeploymentPostprocessing = 0;
			shellPath = /bin/sh;
			shellScript = "\"${SRCROOT}/Pods/Target Support Files/Pods-SnapLogin/Pods-SnapLogin-resources.sh\"\n";
			showEnvVarsInLog = 0;
		};
		521E4BE10670266E975180A8 /* Check Pods Manifest.lock */ = {
			isa = PBXShellScriptBuildPhase;
			buildActionMask = 2147483647;
			files = (
			);
			inputPaths = (
			);
			name = "Check Pods Manifest.lock";
			outputPaths = (
			);
			runOnlyForDeploymentPostprocessing = 0;
			shellPath = /bin/sh;
			shellScript = "diff \"${PODS_ROOT}/../Podfile.lock\" \"${PODS_ROOT}/Manifest.lock\" > /dev/null\nif [[ $? != 0 ]] ; then\n    cat << EOM\nerror: The sandbox is not in sync with the Podfile.lock. Run 'pod install' or update your CocoaPods installation.\nEOM\n    exit 1\nfi\n";
			showEnvVarsInLog = 0;
		};
		CA81C39DCC97FBC4B1AFE631 /* Embed Pods Frameworks */ = {
			isa = PBXShellScriptBuildPhase;
			buildActionMask = 2147483647;
			files = (
			);
			inputPaths = (
			);
			name = "Embed Pods Frameworks";
			outputPaths = (
			);
			runOnlyForDeploymentPostprocessing = 0;
			shellPath = /bin/sh;
			shellScript = "\"${SRCROOT}/Pods/Target Support Files/Pods-SnapLogin/Pods-SnapLogin-frameworks.sh\"\n";
			showEnvVarsInLog = 0;
		};
/* End PBXShellScriptBuildPhase section */

/* Begin PBXSourcesBuildPhase section */
		7BF33AF21CC09DC60028182E /* Sources */ = {
			isa = PBXSourcesBuildPhase;
			buildActionMask = 2147483647;
			files = (
				7B0256CE1CC48907001FE1D7 /* Animator.swift in Sources */,
				7B9FCB7D1CC0A51600C01505 /* LoginViewController.swift in Sources */,
				7BF33AFC1CC09DC70028182E /* ContainerViewController.swift in Sources */,
				7B3640D11CC42DB600FAA777 /* SignUpViewController.swift in Sources */,
				7BF33AFA1CC09DC70028182E /* AppDelegate.swift in Sources */,
			);
			runOnlyForDeploymentPostprocessing = 0;
		};
/* End PBXSourcesBuildPhase section */

/* Begin PBXVariantGroup section */
		7BF33AFD1CC09DC70028182E /* Main.storyboard */ = {
			isa = PBXVariantGroup;
			children = (
				7BF33AFE1CC09DC70028182E /* Base */,
			);
			name = Main.storyboard;
			sourceTree = "<group>";
		};
		7BF33B021CC09DC70028182E /* LaunchScreen.storyboard */ = {
			isa = PBXVariantGroup;
			children = (
				7BF33B031CC09DC70028182E /* Base */,
			);
			name = LaunchScreen.storyboard;
			sourceTree = "<group>";
		};
/* End PBXVariantGroup section */

/* Begin XCBuildConfiguration section */
		7BF33B061CC09DC70028182E /* Debug */ = {
			isa = XCBuildConfiguration;
			buildSettings = {
				ALWAYS_SEARCH_USER_PATHS = NO;
				CLANG_ANALYZER_NONNULL = YES;
				CLANG_CXX_LANGUAGE_STANDARD = "gnu++0x";
				CLANG_CXX_LIBRARY = "libc++";
				CLANG_ENABLE_MODULES = YES;
				CLANG_ENABLE_OBJC_ARC = YES;
				CLANG_WARN_BOOL_CONVERSION = YES;
				CLANG_WARN_CONSTANT_CONVERSION = YES;
				CLANG_WARN_DIRECT_OBJC_ISA_USAGE = YES_ERROR;
				CLANG_WARN_EMPTY_BODY = YES;
				CLANG_WARN_ENUM_CONVERSION = YES;
				CLANG_WARN_INT_CONVERSION = YES;
				CLANG_WARN_OBJC_ROOT_CLASS = YES_ERROR;
				CLANG_WARN_UNREACHABLE_CODE = YES;
				CLANG_WARN__DUPLICATE_METHOD_MATCH = YES;
				"CODE_SIGN_IDENTITY[sdk=iphoneos*]" = "iPhone Developer";
				COPY_PHASE_STRIP = NO;
				DEBUG_INFORMATION_FORMAT = dwarf;
				ENABLE_STRICT_OBJC_MSGSEND = YES;
				ENABLE_TESTABILITY = YES;
				GCC_C_LANGUAGE_STANDARD = gnu99;
				GCC_DYNAMIC_NO_PIC = NO;
				GCC_NO_COMMON_BLOCKS = YES;
				GCC_OPTIMIZATION_LEVEL = 0;
				GCC_PREPROCESSOR_DEFINITIONS = (
					"DEBUG=1",
					"$(inherited)",
				);
				GCC_WARN_64_TO_32_BIT_CONVERSION = YES;
				GCC_WARN_ABOUT_RETURN_TYPE = YES_ERROR;
				GCC_WARN_UNDECLARED_SELECTOR = YES;
				GCC_WARN_UNINITIALIZED_AUTOS = YES_AGGRESSIVE;
				GCC_WARN_UNUSED_FUNCTION = YES;
				GCC_WARN_UNUSED_VARIABLE = YES;
				IPHONEOS_DEPLOYMENT_TARGET = 9.3;
				MTL_ENABLE_DEBUG_INFO = YES;
				ONLY_ACTIVE_ARCH = YES;
				SDKROOT = iphoneos;
				SWIFT_OPTIMIZATION_LEVEL = "-Onone";
			};
			name = Debug;
		};
		7BF33B071CC09DC70028182E /* Release */ = {
			isa = XCBuildConfiguration;
			buildSettings = {
				ALWAYS_SEARCH_USER_PATHS = NO;
				CLANG_ANALYZER_NONNULL = YES;
				CLANG_CXX_LANGUAGE_STANDARD = "gnu++0x";
				CLANG_CXX_LIBRARY = "libc++";
				CLANG_ENABLE_MODULES = YES;
				CLANG_ENABLE_OBJC_ARC = YES;
				CLANG_WARN_BOOL_CONVERSION = YES;
				CLANG_WARN_CONSTANT_CONVERSION = YES;
				CLANG_WARN_DIRECT_OBJC_ISA_USAGE = YES_ERROR;
				CLANG_WARN_EMPTY_BODY = YES;
				CLANG_WARN_ENUM_CONVERSION = YES;
				CLANG_WARN_INT_CONVERSION = YES;
				CLANG_WARN_OBJC_ROOT_CLASS = YES_ERROR;
				CLANG_WARN_UNREACHABLE_CODE = YES;
				CLANG_WARN__DUPLICATE_METHOD_MATCH = YES;
				"CODE_SIGN_IDENTITY[sdk=iphoneos*]" = "iPhone Developer";
				COPY_PHASE_STRIP = NO;
				DEBUG_INFORMATION_FORMAT = "dwarf-with-dsym";
				ENABLE_NS_ASSERTIONS = NO;
				ENABLE_STRICT_OBJC_MSGSEND = YES;
				GCC_C_LANGUAGE_STANDARD = gnu99;
				GCC_NO_COMMON_BLOCKS = YES;
				GCC_WARN_64_TO_32_BIT_CONVERSION = YES;
				GCC_WARN_ABOUT_RETURN_TYPE = YES_ERROR;
				GCC_WARN_UNDECLARED_SELECTOR = YES;
				GCC_WARN_UNINITIALIZED_AUTOS = YES_AGGRESSIVE;
				GCC_WARN_UNUSED_FUNCTION = YES;
				GCC_WARN_UNUSED_VARIABLE = YES;
				IPHONEOS_DEPLOYMENT_TARGET = 9.3;
				MTL_ENABLE_DEBUG_INFO = NO;
				SDKROOT = iphoneos;
				VALIDATE_PRODUCT = YES;
			};
			name = Release;
		};
		7BF33B091CC09DC70028182E /* Debug */ = {
			isa = XCBuildConfiguration;
			baseConfigurationReference = CDF9F7FDB6A51ED670F9719D /* Pods-SnapLogin.debug.xcconfig */;
			buildSettings = {
				ASSETCATALOG_COMPILER_APPICON_NAME = AppIcon;
				CODE_SIGN_IDENTITY = "iPhone Developer";
				INFOPLIST_FILE = SnapLogin/Info.plist;
				LD_RUNPATH_SEARCH_PATHS = "$(inherited) @executable_path/Frameworks";
				PRODUCT_BUNDLE_IDENTIFIER = com.jhall.SnapLogin;
				PRODUCT_NAME = "$(TARGET_NAME)";
			};
			name = Debug;
		};
		7BF33B0A1CC09DC70028182E /* Release */ = {
			isa = XCBuildConfiguration;
			baseConfigurationReference = 6EF703377A9C6F1C4AD1237A /* Pods-SnapLogin.release.xcconfig */;
			buildSettings = {
				ASSETCATALOG_COMPILER_APPICON_NAME = AppIcon;
				CODE_SIGN_IDENTITY = "iPhone Developer";
				INFOPLIST_FILE = SnapLogin/Info.plist;
				LD_RUNPATH_SEARCH_PATHS = "$(inherited) @executable_path/Frameworks";
				PRODUCT_BUNDLE_IDENTIFIER = com.jhall.SnapLogin;
				PRODUCT_NAME = "$(TARGET_NAME)";
			};
			name = Release;
		};
/* End XCBuildConfiguration section */

/* Begin XCConfigurationList section */
		7BF33AF11CC09DC60028182E /* Build configuration list for PBXProject "SnapLogin" */ = {
			isa = XCConfigurationList;
			buildConfigurations = (
				7BF33B061CC09DC70028182E /* Debug */,
				7BF33B071CC09DC70028182E /* Release */,
			);
			defaultConfigurationIsVisible = 0;
			defaultConfigurationName = Release;
		};
		7BF33B081CC09DC70028182E /* Build configuration list for PBXNativeTarget "SnapLogin" */ = {
			isa = XCConfigurationList;
			buildConfigurations = (
				7BF33B091CC09DC70028182E /* Debug */,
				7BF33B0A1CC09DC70028182E /* Release */,
			);
			defaultConfigurationIsVisible = 0;
			defaultConfigurationName = Release;
		};
/* End XCConfigurationList section */
	};
	rootObject = 7BF33AEE1CC09DC60028182E /* Project object */;
}
